
Microsoft Visual Studio Solution File, Format Version 12.00
# Visual Studio Version 17
VisualStudioVersion = 17.5.002.0
MinimumVisualStudioVersion = 10.0.40219.1
Project("{9A19103F-16F7-4668-BE54-9A1E7A4F7556}") = "scheduling-app", "scheduling-app.csproj", "{FCA18616-7FCC-4C57-8A67-5E0C395ABF2F}"
EndProject
Global
	GlobalSection(SolutionConfigurationPlatforms) = preSolution
		Debug|Any CPU = Debug|Any CPU
		Release|Any CPU = Release|Any CPU
	EndGlobalSection
	GlobalSection(ProjectConfigurationPlatforms) = postSolution
		{FCA18616-7FCC-4C57-8A67-5E0C395ABF2F}.Debug|Any CPU.ActiveCfg = Debug|Any CPU
		{FCA18616-7FCC-4C57-8A67-5E0C395ABF2F}.Debug|Any CPU.Build.0 = Debug|Any CPU
		{FCA18616-7FCC-4C57-8A67-5E0C395ABF2F}.Release|Any CPU.ActiveCfg = Release|Any CPU
		{FCA18616-7FCC-4C57-8A67-5E0C395ABF2F}.Release|Any CPU.Build.0 = Release|Any CPU
	EndGlobalSection
	GlobalSection(SolutionProperties) = preSolution
		HideSolutionNode = FALSE
	EndGlobalSection
	GlobalSection(ExtensibilityGlobals) = postSolution
		SolutionGuid = {08187923-0479-463E-9034-9B861D5012AC}
	EndGlobalSection
EndGlobal
